# THIS IS AN AUTOGENERATED FILE. DO NOT EDIT THIS FILE DIRECTLY.
# yarn lockfile v1


vant-weapp@^0.5.17:
  version "0.5.17"
  resolved "https://registry.yarnpkg.com/vant-weapp/-/vant-weapp-0.5.17.tgz#49574950020443df1a97cf382c64f92635a0da78"
  integrity sha512-DWnlBqzmnkkZTUJ09MGbcmzjugtWVZyJFU6Bf6toLUsS7HSUE3oMyp5XE9TBQoJD1FlvfjTK/ZPSZiqO65uJhA==
